
Microsoft Visual Studio Solution File, Format Version 12.00
# Visual Studio Version 17
VisualStudioVersion = 17.10.34928.147
MinimumVisualStudioVersion = 10.0.40219.1
Project("{FAE04EC0-301F-11D3-BF4B-00C04F79EFBC}") = "c-sharp-apps-hajyahia-yazan", "c-sharp-apps-hajyahia-yazan.csproj", "{BB7EC5A5-DCD8-4732-9F12-BD07EA2A28B4}"
EndProject
Global
	GlobalSection(SolutionConfigurationPlatforms) = preSolution
		Debug|Any CPU = Debug|Any CPU
		Release|Any CPU = Release|Any CPU
	EndGlobalSection
	GlobalSection(ProjectConfigurationPlatforms) = postSolution
		{BB7EC5A5-DCD8-4732-9F12-BD07EA2A28B4}.Debug|Any CPU.ActiveCfg = Debug|Any CPU
		{BB7EC5A5-DCD8-4732-9F12-BD07EA2A28B4}.Debug|Any CPU.Build.0 = Debug|Any CPU
		{BB7EC5A5-DCD8-4732-9F12-BD07EA2A28B4}.Release|Any CPU.ActiveCfg = Release|Any CPU
		{BB7EC5A5-DCD8-4732-9F12-BD07EA2A28B4}.Release|Any CPU.Build.0 = Release|Any CPU
	EndGlobalSection
	GlobalSection(SolutionProperties) = preSolution
		HideSolutionNode = FALSE
	EndGlobalSection
	GlobalSection(ExtensibilityGlobals) = postSolution
		SolutionGuid = {99E18E1A-A450-4401-A104-CE50BCF39459}
	EndGlobalSection
EndGlobal
